// !$*UTF8*$!
{
	archiveVersion = 1;
	classes = {
	};
	objectVersion = 50;
	objects = {

/* Begin PBXBuildFile section */
		434DE8252230B051004E633D /* JSONTest.swift in Sources */ = {isa = PBXBuildFile; fileRef = 434DE8242230B051004E633D /* JSONTest.swift */; };
		434DE8272230B121004E633D /* ProtobufTest.swift in Sources */ = {isa = PBXBuildFile; fileRef = 434DE8262230B121004E633D /* ProtobufTest.swift */; };
		434DE8382230B787004E633D /* echo.pb.swift in Sources */ = {isa = PBXBuildFile; fileRef = 434DE8362230B787004E633D /* echo.pb.swift */; };
		434DE83C2230BB83004E633D /* JSONConvertible.swift in Sources */ = {isa = PBXBuildFile; fileRef = 434DE83B2230BB83004E633D /* JSONConvertible.swift */; };
		434DE83E2230BCB5004E633D /* README.md in Resources */ = {isa = PBXBuildFile; fileRef = 434DE83D2230BCB5004E633D /* README.md */; };
		4365E95B223095430096A5AE /* AppDelegate.swift in Sources */ = {isa = PBXBuildFile; fileRef = 4365E95A223095430096A5AE /* AppDelegate.swift */; };
		4365E95D223095430096A5AE /* ViewController.swift in Sources */ = {isa = PBXBuildFile; fileRef = 4365E95C223095430096A5AE /* ViewController.swift */; };
		4365E960223095430096A5AE /* Main.storyboard in Resources */ = {isa = PBXBuildFile; fileRef = 4365E95E223095430096A5AE /* Main.storyboard */; };
		4365E962223095430096A5AE /* Assets.xcassets in Resources */ = {isa = PBXBuildFile; fileRef = 4365E961223095430096A5AE /* Assets.xcassets */; };
		4365E965223095430096A5AE /* LaunchScreen.storyboard in Resources */ = {isa = PBXBuildFile; fileRef = 4365E963223095430096A5AE /* LaunchScreen.storyboard */; };
		522599F225D7587FFE37CA36 /* Pods_present_rpc_example.framework in Frameworks */ = {isa = PBXBuildFile; fileRef = B8141085E578FBD6D2FB6247 /* Pods_present_rpc_example.framework */; };
/* End PBXBuildFile section */

/* Begin PBXFileReference section */
		434DE8242230B051004E633D /* JSONTest.swift */ = {isa = PBXFileReference; lastKnownFileType = sourcecode.swift; path = JSONTest.swift; sourceTree = "<group>"; };
		434DE8262230B121004E633D /* ProtobufTest.swift */ = {isa = PBXFileReference; lastKnownFileType = sourcecode.swift; path = ProtobufTest.swift; sourceTree = "<group>"; };
		434DE8362230B787004E633D /* echo.pb.swift */ = {isa = PBXFileReference; fileEncoding = 4; lastKnownFileType = sourcecode.swift; path = echo.pb.swift; sourceTree = "<group>"; };
		434DE83B2230BB83004E633D /* JSONConvertible.swift */ = {isa = PBXFileReference; lastKnownFileType = sourcecode.swift; path = JSONConvertible.swift; sourceTree = "<group>"; };
		434DE83D2230BCB5004E633D /* README.md */ = {isa = PBXFileReference; fileEncoding = 4; lastKnownFileType = net.daringfireball.markdown; path = README.md; sourceTree = SOURCE_ROOT; };
		4365E957223095430096A5AE /* present-rpc-example.app */ = {isa = PBXFileReference; explicitFileType = wrapper.application; includeInIndex = 0; path = "present-rpc-example.app"; sourceTree = BUILT_PRODUCTS_DIR; };
		4365E95A223095430096A5AE /* AppDelegate.swift */ = {isa = PBXFileReference; lastKnownFileType = sourcecode.swift; path = AppDelegate.swift; sourceTree = "<group>"; };
		4365E95C223095430096A5AE /* ViewController.swift */ = {isa = PBXFileReference; lastKnownFileType = sourcecode.swift; path = ViewController.swift; sourceTree = "<group>"; };
		4365E95F223095430096A5AE /* Base */ = {isa = PBXFileReference; lastKnownFileType = file.storyboard; name = Base; path = Base.lproj/Main.storyboard; sourceTree = "<group>"; };
		4365E961223095430096A5AE /* Assets.xcassets */ = {isa = PBXFileReference; lastKnownFileType = folder.assetcatalog; path = Assets.xcassets; sourceTree = "<group>"; };
		4365E964223095430096A5AE /* Base */ = {isa = PBXFileReference; lastKnownFileType = file.storyboard; name = Base; path = Base.lproj/LaunchScreen.storyboard; sourceTree = "<group>"; };
		4365E966223095430096A5AE /* Info.plist */ = {isa = PBXFileReference; lastKnownFileType = text.plist.xml; path = Info.plist; sourceTree = "<group>"; };
		59081245423EDAD883EEE017 /* Pods-present-rpc-example.debug.xcconfig */ = {isa = PBXFileReference; includeInIndex = 1; lastKnownFileType = text.xcconfig; name = "Pods-present-rpc-example.debug.xcconfig"; path = "Pods/Target Support Files/Pods-present-rpc-example/Pods-present-rpc-example.debug.xcconfig"; sourceTree = "<group>"; };
		96EBCF1B14D741568B3801E2 /* Pods-present-rpc-example.release.xcconfig */ = {isa = PBXFileReference; includeInIndex = 1; lastKnownFileType = text.xcconfig; name = "Pods-present-rpc-example.release.xcconfig"; path = "Pods/Target Support Files/Pods-present-rpc-example/Pods-present-rpc-example.release.xcconfig"; sourceTree = "<group>"; };
		B8141085E578FBD6D2FB6247 /* Pods_present_rpc_example.framework */ = {isa = PBXFileReference; explicitFileType = wrapper.framework; includeInIndex = 0; path = Pods_present_rpc_example.framework; sourceTree = BUILT_PRODUCTS_DIR; };
/* End PBXFileReference section */

/* Begin PBXFrameworksBuildPhase section */
		4365E954223095430096A5AE /* Frameworks */ = {
			isa = PBXFrameworksBuildPhase;
			buildActionMask = 2147483647;
			files = (
				522599F225D7587FFE37CA36 /* Pods_present_rpc_example.framework in Frameworks */,
			);
			runOnlyForDeploymentPostprocessing = 0;
		};
/* End PBXFrameworksBuildPhase section */

/* Begin PBXGroup section */
		2C32B611FD673867FDDA3FE4 /* Frameworks */ = {
			isa = PBXGroup;
			children = (
				B8141085E578FBD6D2FB6247 /* Pods_present_rpc_example.framework */,
			);
			name = Frameworks;
			sourceTree = "<group>";
		};
		434DE8342230B786004E633D /* protos */ = {
			isa = PBXGroup;
			children = (
				434DE8362230B787004E633D /* echo.pb.swift */,
			);
			path = protos;
			sourceTree = "<group>";
		};
		4365E94E223095430096A5AE = {
			isa = PBXGroup;
			children = (
				4365E959223095430096A5AE /* present-rpc-example */,
				4365E958223095430096A5AE /* Products */,
				6434A35E30AB90888015E0BD /* Pods */,
				2C32B611FD673867FDDA3FE4 /* Frameworks */,
			);
			sourceTree = "<group>";
		};
		4365E958223095430096A5AE /* Products */ = {
			isa = PBXGroup;
			children = (
				4365E957223095430096A5AE /* present-rpc-example.app */,
			);
			name = Products;
			sourceTree = "<group>";
		};
		4365E959223095430096A5AE /* present-rpc-example */ = {
			isa = PBXGroup;
			children = (
				434DE83D2230BCB5004E633D /* README.md */,
				4365E95A223095430096A5AE /* AppDelegate.swift */,
				4365E95C223095430096A5AE /* ViewController.swift */,
				434DE8242230B051004E633D /* JSONTest.swift */,
				434DE8262230B121004E633D /* ProtobufTest.swift */,
				434DE83B2230BB83004E633D /* JSONConvertible.swift */,
				434DE8342230B786004E633D /* protos */,
				4365E95E223095430096A5AE /* Main.storyboard */,
				4365E961223095430096A5AE /* Assets.xcassets */,
				4365E963223095430096A5AE /* LaunchScreen.storyboard */,
				4365E966223095430096A5AE /* Info.plist */,
			);
			path = "present-rpc-example";
			sourceTree = "<group>";
		};
		6434A35E30AB90888015E0BD /* Pods */ = {
			isa = PBXGroup;
			children = (
				59081245423EDAD883EEE017 /* Pods-present-rpc-example.debug.xcconfig */,
				96EBCF1B14D741568B3801E2 /* Pods-present-rpc-example.release.xcconfig */,
			);
			name = Pods;
			sourceTree = "<group>";
		};
/* End PBXGroup section */

/* Begin PBXNativeTarget section */
		4365E956223095430096A5AE /* present-rpc-example */ = {
			isa = PBXNativeTarget;
			buildConfigurationList = 4365E969223095430096A5AE /* Build configuration list for PBXNativeTarget "present-rpc-example" */;
			buildPhases = (
				587E47D41AF1CD39B90FEEDC /* [CP] Check Pods Manifest.lock */,
				4365E953223095430096A5AE /* Sources */,
				4365E954223095430096A5AE /* Frameworks */,
				4365E955223095430096A5AE /* Resources */,
				BE6515408FA894FDB4F01A6A /* [CP] Embed Pods Frameworks */,
			);
			buildRules = (
			);
			dependencies = (
			);
			name = "present-rpc-example";
			productName = "present-rpc-example";
			productReference = 4365E957223095430096A5AE /* present-rpc-example.app */;
			productType = "com.apple.product-type.application";
		};
/* End PBXNativeTarget section */

/* Begin PBXProject section */
		4365E94F223095430096A5AE /* Project object */ = {
			isa = PBXProject;
			attributes = {
				LastSwiftUpdateCheck = 1010;
				LastUpgradeCheck = 1010;
				ORGANIZATIONNAME = co.present;
				TargetAttributes = {
					4365E956223095430096A5AE = {
						CreatedOnToolsVersion = 10.1;
					};
				};
			};
			buildConfigurationList = 4365E952223095430096A5AE /* Build configuration list for PBXProject "present-rpc-example" */;
			compatibilityVersion = "Xcode 9.3";
			developmentRegion = en;
			hasScannedForEncodings = 0;
			knownRegions = (
				en,
				Base,
			);
			mainGroup = 4365E94E223095430096A5AE;
			productRefGroup = 4365E958223095430096A5AE /* Products */;
			projectDirPath = "";
			projectRoot = "";
			targets = (
				4365E956223095430096A5AE /* present-rpc-example */,
			);
		};
/* End PBXProject section */

/* Begin PBXResourcesBuildPhase section */
		4365E955223095430096A5AE /* Resources */ = {
			isa = PBXResourcesBuildPhase;
			buildActionMask = 2147483647;
			files = (
				4365E965223095430096A5AE /* LaunchScreen.storyboard in Resources */,
				4365E962223095430096A5AE /* Assets.xcassets in Resources */,
				434DE83E2230BCB5004E633D /* README.md in Resources */,
				4365E960223095430096A5AE /* Main.storyboard in Resources */,
			);
			runOnlyForDeploymentPostprocessing = 0;
		};
/* End PBXResourcesBuildPhase section */

/* Begin PBXShellScriptBuildPhase section */
		587E47D41AF1CD39B90FEEDC /* [CP] Check Pods Manifest.lock */ = {
			isa = PBXShellScriptBuildPhase;
			buildActionMask = 2147483647;
			files = (
			);
			inputFileListPaths = (
			);
			inputPaths = (
				"${PODS_PODFILE_DIR_PATH}/Podfile.lock",
				"${PODS_ROOT}/Manifest.lock",
			);
			name = "[CP] Check Pods Manifest.lock";
			outputFileListPaths = (
			);
			outputPaths = (
				"$(DERIVED_FILE_DIR)/Pods-present-rpc-example-checkManifestLockResult.txt",
			);
			runOnlyForDeploymentPostprocessing = 0;
			shellPath = /bin/sh;
			shellScript = "diff \"${PODS_PODFILE_DIR_PATH}/Podfile.lock\" \"${PODS_ROOT}/Manifest.lock\" > /dev/null\nif [ $? != 0 ] ; then\n    # print error to STDERR\n    echo \"error: The sandbox is not in sync with the Podfile.lock. Run 'pod install' or update your CocoaPods installation.\" >&2\n    exit 1\nfi\n# This output is used by Xcode 'outputs' to avoid re-running this script phase.\necho \"SUCCESS\" > \"${SCRIPT_OUTPUT_FILE_0}\"\n";
			showEnvVarsInLog = 0;
		};
		BE6515408FA894FDB4F01A6A /* [CP] Embed Pods Frameworks */ = {
			isa = PBXShellScriptBuildPhase;
			buildActionMask = 2147483647;
			files = (
			);
			inputFileListPaths = (
			);
			inputPaths = (
				"${SRCROOT}/Pods/Target Support Files/Pods-present-rpc-example/Pods-present-rpc-example-frameworks.sh",
				"${BUILT_PRODUCTS_DIR}/SwiftProtobuf/SwiftProtobuf.framework",
			);
			name = "[CP] Embed Pods Frameworks";
			outputFileListPaths = (
			);
			outputPaths = (
				"${TARGET_BUILD_DIR}/${FRAMEWORKS_FOLDER_PATH}/SwiftProtobuf.framework",
			);
			runOnlyForDeploymentPostprocessing = 0;
			shellPath = /bin/sh;
			shellScript = "\"${SRCROOT}/Pods/Target Support Files/Pods-present-rpc-example/Pods-present-rpc-example-frameworks.sh\"\n";
			showEnvVarsInLog = 0;
		};
/* End PBXShellScriptBuildPhase section */

/* Begin PBXSourcesBuildPhase section */
		4365E953223095430096A5AE /* Sources */ = {
			isa = PBXSourcesBuildPhase;
			buildActionMask = 2147483647;
			files = (
				4365E95D223095430096A5AE /* ViewController.swift in Sources */,
				434DE83C2230BB83004E633D /* JSONConvertible.swift in Sources */,
				434DE8382230B787004E633D /* echo.pb.swift in Sources */,
				4365E95B223095430096A5AE /* AppDelegate.swift in Sources */,
				434DE8272230B121004E633D /* ProtobufTest.swift in Sources */,
				434DE8252230B051004E633D /* JSONTest.swift in Sources */,
			);
			runOnlyForDeploymentPostprocessing = 0;
		};
/* End PBXSourcesBuildPhase section */

/* Begin PBXVariantGroup section */
		4365E95E223095430096A5AE /* Main.storyboard */ = {
			isa = PBXVariantGroup;
			children = (
				4365E95F223095430096A5AE /* Base */,
			);
			name = Main.storyboard;
			sourceTree = "<group>";
		};
		4365E963223095430096A5AE /* LaunchScreen.storyboard */ = {
			isa = PBXVariantGroup;
			children = (
				4365E964223095430096A5AE /* Base */,
			);
			name = LaunchScreen.storyboard;
			sourceTree = "<group>";
		};
/* End PBXVariantGroup section */

/* Begin XCBuildConfiguration section */
		4365E967223095430096A5AE /* Debug */ = {
			isa = XCBuildConfiguration;
			buildSettings = {
				ALWAYS_SEARCH_USER_PATHS = NO;
				CLANG_ANALYZER_NONNULL = YES;
				CLANG_ANALYZER_NUMBER_OBJECT_CONVERSION = YES_AGGRESSIVE;
				CLANG_CXX_LANGUAGE_STANDARD = "gnu++14";
				CLANG_CXX_LIBRARY = "libc++";
				CLANG_ENABLE_MODULES = YES;
				CLANG_ENABLE_OBJC_ARC = YES;
				CLANG_ENABLE_OBJC_WEAK = YES;
				CLANG_WARN_BLOCK_CAPTURE_AUTORELEASING = YES;
				CLANG_WARN_BOOL_CONVERSION = YES;
				CLANG_WARN_COMMA = YES;
				CLANG_WARN_CONSTANT_CONVERSION = YES;
				CLANG_WARN_DEPRECATED_OBJC_IMPLEMENTATIONS = YES;
				CLANG_WARN_DIRECT_OBJC_ISA_USAGE = YES_ERROR;
				CLANG_WARN_DOCUMENTATION_COMMENTS = YES;
				CLANG_WARN_EMPTY_BODY = YES;
				CLANG_WARN_ENUM_CONVERSION = YES;
				CLANG_WARN_INFINITE_RECURSION = YES;
				CLANG_WARN_INT_CONVERSION = YES;
				CLANG_WARN_NON_LITERAL_NULL_CONVERSION = YES;
				CLANG_WARN_OBJC_IMPLICIT_RETAIN_SELF = YES;
				CLANG_WARN_OBJC_LITERAL_CONVERSION = YES;
				CLANG_WARN_OBJC_ROOT_CLASS = YES_ERROR;
				CLANG_WARN_RANGE_LOOP_ANALYSIS = YES;
				CLANG_WARN_STRICT_PROTOTYPES = YES;
				CLANG_WARN_SUSPICIOUS_MOVE = YES;
				CLANG_WARN_UNGUARDED_AVAILABILITY = YES_AGGRESSIVE;
				CLANG_WARN_UNREACHABLE_CODE = YES;
				CLANG_WARN__DUPLICATE_METHOD_MATCH = YES;
				CODE_SIGN_IDENTITY = "iPhone Developer";
				COPY_PHASE_STRIP = NO;
				DEBUG_INFORMATION_FORMAT = dwarf;
				ENABLE_STRICT_OBJC_MSGSEND = YES;
				ENABLE_TESTABILITY = YES;
				GCC_C_LANGUAGE_STANDARD = gnu11;
				GCC_DYNAMIC_NO_PIC = NO;
				GCC_NO_COMMON_BLOCKS = YES;
				GCC_OPTIMIZATION_LEVEL = 0;
				GCC_PREPROCESSOR_DEFINITIONS = (
					"DEBUG=1",
					"$(inherited)",
				);
				GCC_WARN_64_TO_32_BIT_CONVERSION = YES;
				GCC_WARN_ABOUT_RETURN_TYPE = YES_ERROR;
				GCC_WARN_UNDECLARED_SELECTOR = YES;
				GCC_WARN_UNINITIALIZED_AUTOS = YES_AGGRESSIVE;
				GCC_WARN_UNUSED_FUNCTION = YES;
				GCC_WARN_UNUSED_VARIABLE = YES;
				IPHONEOS_DEPLOYMENT_TARGET = 12.1;
				MTL_ENABLE_DEBUG_INFO = INCLUDE_SOURCE;
				MTL_FAST_MATH = YES;
				ONLY_ACTIVE_ARCH = YES;
				SDKROOT = iphoneos;
				SWIFT_ACTIVE_COMPILATION_CONDITIONS = DEBUG;
				SWIFT_OPTIMIZATION_LEVEL = "-Onone";
			};
			name = Debug;
		};
		4365E968223095430096A5AE /* Release */ = {
			isa = XCBuildConfiguration;
			buildSettings = {
				ALWAYS_SEARCH_USER_PATHS = NO;
				CLANG_ANALYZER_NONNULL = YES;
				CLANG_ANALYZER_NUMBER_OBJECT_CONVERSION = YES_AGGRESSIVE;
				CLANG_CXX_LANGUAGE_STANDARD = "gnu++14";
				CLANG_CXX_LIBRARY = "libc++";
				CLANG_ENABLE_MODULES = YES;
				CLANG_ENABLE_OBJC_ARC = YES;
				CLANG_ENABLE_OBJC_WEAK = YES;
				CLANG_WARN_BLOCK_CAPTURE_AUTORELEASING = YES;
				CLANG_WARN_BOOL_CONVERSION = YES;
				CLANG_WARN_COMMA = YES;
				CLANG_WARN_CONSTANT_CONVERSION = YES;
				CLANG_WARN_DEPRECATED_OBJC_IMPLEMENTATIONS = YES;
				CLANG_WARN_DIRECT_OBJC_ISA_USAGE = YES_ERROR;
				CLANG_WARN_DOCUMENTATION_COMMENTS = YES;
				CLANG_WARN_EMPTY_BODY = YES;
				CLANG_WARN_ENUM_CONVERSION = YES;
				CLANG_WARN_INFINITE_RECURSION = YES;
				CLANG_WARN_INT_CONVERSION = YES;
				CLANG_WARN_NON_LITERAL_NULL_CONVERSION = YES;
				CLANG_WARN_OBJC_IMPLICIT_RETAIN_SELF = YES;
				CLANG_WARN_OBJC_LITERAL_CONVERSION = YES;
				CLANG_WARN_OBJC_ROOT_CLASS = YES_ERROR;
				CLANG_WARN_RANGE_LOOP_ANALYSIS = YES;
				CLANG_WARN_STRICT_PROTOTYPES = YES;
				CLANG_WARN_SUSPICIOUS_MOVE = YES;
				CLANG_WARN_UNGUARDED_AVAILABILITY = YES_AGGRESSIVE;
				CLANG_WARN_UNREACHABLE_CODE = YES;
				CLANG_WARN__DUPLICATE_METHOD_MATCH = YES;
				CODE_SIGN_IDENTITY = "iPhone Developer";
				COPY_PHASE_STRIP = NO;
				DEBUG_INFORMATION_FORMAT = "dwarf-with-dsym";
				ENABLE_NS_ASSERTIONS = NO;
				ENABLE_STRICT_OBJC_MSGSEND = YES;
				GCC_C_LANGUAGE_STANDARD = gnu11;
				GCC_NO_COMMON_BLOCKS = YES;
				GCC_WARN_64_TO_32_BIT_CONVERSION = YES;
				GCC_WARN_ABOUT_RETURN_TYPE = YES_ERROR;
				GCC_WARN_UNDECLARED_SELECTOR = YES;
				GCC_WARN_UNINITIALIZED_AUTOS = YES_AGGRESSIVE;
				GCC_WARN_UNUSED_FUNCTION = YES;
				GCC_WARN_UNUSED_VARIABLE = YES;
				IPHONEOS_DEPLOYMENT_TARGET = 12.1;
				MTL_ENABLE_DEBUG_INFO = NO;
				MTL_FAST_MATH = YES;
				SDKROOT = iphoneos;
				SWIFT_COMPILATION_MODE = wholemodule;
				SWIFT_OPTIMIZATION_LEVEL = "-O";
				VALIDATE_PRODUCT = YES;
			};
			name = Release;
		};
		4365E96A223095430096A5AE /* Debug */ = {
			isa = XCBuildConfiguration;
			baseConfigurationReference = 59081245423EDAD883EEE017 /* Pods-present-rpc-example.debug.xcconfig */;
			buildSettings = {
				ASSETCATALOG_COMPILER_APPICON_NAME = AppIcon;
				CODE_SIGN_STYLE = Automatic;
				DEVELOPMENT_TEAM = V48WJRB536;
				INFOPLIST_FILE = "present-rpc-example/Info.plist";
				LD_RUNPATH_SEARCH_PATHS = (
					"$(inherited)",
					"@executable_path/Frameworks",
				);
				PRODUCT_BUNDLE_IDENTIFIER = "co.present.present-rpc-example";
				PRODUCT_NAME = "$(TARGET_NAME)";
				SWIFT_VERSION = 4.2;
				TARGETED_DEVICE_FAMILY = "1,2";
			};
			name = Debug;
		};
		4365E96B223095430096A5AE /* Release */ = {
			isa = XCBuildConfiguration;
			baseConfigurationReference = 96EBCF1B14D741568B3801E2 /* Pods-present-rpc-example.release.xcconfig */;
			buildSettings = {
				ASSETCATALOG_COMPILER_APPICON_NAME = AppIcon;
				CODE_SIGN_STYLE = Automatic;
				DEVELOPMENT_TEAM = V48WJRB536;
				INFOPLIST_FILE = "present-rpc-example/Info.plist";
				LD_RUNPATH_SEARCH_PATHS = (
					"$(inherited)",
					"@executable_path/Frameworks",
				);
				PRODUCT_BUNDLE_IDENTIFIER = "co.present.present-rpc-example";
				PRODUCT_NAME = "$(TARGET_NAME)";
				SWIFT_VERSION = 4.2;
				TARGETED_DEVICE_FAMILY = "1,2";
			};
			name = Release;
		};
/* End XCBuildConfiguration section */

/* Begin XCConfigurationList section */
		4365E952223095430096A5AE /* Build configuration list for PBXProject "present-rpc-example" */ = {
			isa = XCConfigurationList;
			buildConfigurations = (
				4365E967223095430096A5AE /* Debug */,
				4365E968223095430096A5AE /* Release */,
			);
			defaultConfigurationIsVisible = 0;
			defaultConfigurationName = Release;
		};
		4365E969223095430096A5AE /* Build configuration list for PBXNativeTarget "present-rpc-example" */ = {
			isa = XCConfigurationList;
			buildConfigurations = (
				4365E96A223095430096A5AE /* Debug */,
				4365E96B223095430096A5AE /* Release */,
			);
			defaultConfigurationIsVisible = 0;
			defaultConfigurationName = Release;
		};
/* End XCConfigurationList section */
	};
	rootObject = 4365E94F223095430096A5AE /* Project object */;
}
